
Microsoft Visual Studio Solution File, Format Version 12.00
# Visual Studio Version 17
VisualStudioVersion = 17.6.33829.357
MinimumVisualStudioVersion = 10.0.40219.1
Project("{FAE04EC0-301F-11D3-BF4B-00C04F79EFBC}") = "Server", "Server\Server.csproj", "{EAC79CF4-2C5C-4472-AF75-3315E23CC019}"
EndProject
Project("{FAE04EC0-301F-11D3-BF4B-00C04F79EFBC}") = "BaseDeDatos", "BaseDeDatos\BaseDeDatos.csproj", "{D348B802-BE18-4158-92CE-E13F026EF0DF}"
EndProject
Global
	GlobalSection(SolutionConfigurationPlatforms) = preSolution
		Debug|Any CPU = Debug|Any CPU
		Release|Any CPU = Release|Any CPU
	EndGlobalSection
	GlobalSection(ProjectConfigurationPlatforms) = postSolution
		{EAC79CF4-2C5C-4472-AF75-3315E23CC019}.Debug|Any CPU.ActiveCfg = Debug|Any CPU
		{EAC79CF4-2C5C-4472-AF75-3315E23CC019}.Debug|Any CPU.Build.0 = Debug|Any CPU
		{EAC79CF4-2C5C-4472-AF75-3315E23CC019}.Release|Any CPU.ActiveCfg = Release|Any CPU
		{EAC79CF4-2C5C-4472-AF75-3315E23CC019}.Release|Any CPU.Build.0 = Release|Any CPU
		{D348B802-BE18-4158-92CE-E13F026EF0DF}.Debug|Any CPU.ActiveCfg = Debug|Any CPU
		{D348B802-BE18-4158-92CE-E13F026EF0DF}.Debug|Any CPU.Build.0 = Debug|Any CPU
		{D348B802-BE18-4158-92CE-E13F026EF0DF}.Release|Any CPU.ActiveCfg = Release|Any CPU
		{D348B802-BE18-4158-92CE-E13F026EF0DF}.Release|Any CPU.Build.0 = Release|Any CPU
	EndGlobalSection
	GlobalSection(SolutionProperties) = preSolution
		HideSolutionNode = FALSE
	EndGlobalSection
	GlobalSection(ExtensibilityGlobals) = postSolution
		SolutionGuid = {D7606410-4ADC-4692-8757-30827935271C}
	EndGlobalSection
EndGlobal
